
Microsoft Visual Studio Solution File, Format Version 12.00
# Visual Studio Version 17
VisualStudioVersion = 17.0.31903.59
MinimumVisualStudioVersion = 10.0.40219.1
Project("{FAE04EC0-301F-11D3-BF4B-00C04F79EFBC}") = "CarWorkshop.mvc", "CarWorkshop.mvc\CarWorkshop.mvc.csproj", "{42475791-5114-4E89-9F90-FC5B4AC104E8}"
EndProject
Project("{FAE04EC0-301F-11D3-BF4B-00C04F79EFBC}") = "CarWorkshop.Domain", "CarWorkshop.Domain\CarWorkshop.Domain.csproj", "{5A8A95AB-4A7C-4B81-9B37-551FFA3E3D3B}"
EndProject
Project("{FAE04EC0-301F-11D3-BF4B-00C04F79EFBC}") = "CarWorkshop.Application", "CarWorkshop.Application\CarWorkshop.Application.csproj", "{7B27AA20-E748-49C7-87D9-F4519704FD2B}"
EndProject
Project("{FAE04EC0-301F-11D3-BF4B-00C04F79EFBC}") = "CarWorkshop.Infrastructure", "CarWorkshop.Infrastructure\CarWorkshop.Infrastructure.csproj", "{31416660-D62B-45D2-9A65-3B13F72A2636}"
EndProject
Project("{FAE04EC0-301F-11D3-BF4B-00C04F79EFBC}") = "CarWorkshop.Domain.Tests", "CarWorkshop.Domain.Tests\CarWorkshop.Domain.Tests.csproj", "{6F68A903-1E12-4529-8CFB-8ECD275385A1}"
EndProject
Project("{FAE04EC0-301F-11D3-BF4B-00C04F79EFBC}") = "CarWorkshop.Application.Tests", "CarWorkshop.Application.Tests\CarWorkshop.Application.Tests.csproj", "{04FCDBE8-59F9-40EE-95F4-1CED094A156B}"
EndProject
Project("{2150E333-8FDC-42A3-9474-1A3956D46DE8}") = "tests", "tests", "{2533249A-7942-41CA-A0BA-076674A6E980}"
EndProject
Global
	GlobalSection(SolutionConfigurationPlatforms) = preSolution
		Debug|Any CPU = Debug|Any CPU
		Debug|x64 = Debug|x64
		Debug|x86 = Debug|x86
		Release|Any CPU = Release|Any CPU
		Release|x64 = Release|x64
		Release|x86 = Release|x86
	EndGlobalSection
	GlobalSection(ProjectConfigurationPlatforms) = postSolution
		{42475791-5114-4E89-9F90-FC5B4AC104E8}.Debug|Any CPU.ActiveCfg = Debug|Any CPU
		{42475791-5114-4E89-9F90-FC5B4AC104E8}.Debug|Any CPU.Build.0 = Debug|Any CPU
		{42475791-5114-4E89-9F90-FC5B4AC104E8}.Debug|x64.ActiveCfg = Debug|Any CPU
		{42475791-5114-4E89-9F90-FC5B4AC104E8}.Debug|x64.Build.0 = Debug|Any CPU
		{42475791-5114-4E89-9F90-FC5B4AC104E8}.Debug|x86.ActiveCfg = Debug|Any CPU
		{42475791-5114-4E89-9F90-FC5B4AC104E8}.Debug|x86.Build.0 = Debug|Any CPU
		{42475791-5114-4E89-9F90-FC5B4AC104E8}.Release|Any CPU.ActiveCfg = Release|Any CPU
		{42475791-5114-4E89-9F90-FC5B4AC104E8}.Release|Any CPU.Build.0 = Release|Any CPU
		{42475791-5114-4E89-9F90-FC5B4AC104E8}.Release|x64.ActiveCfg = Release|Any CPU
		{42475791-5114-4E89-9F90-FC5B4AC104E8}.Release|x64.Build.0 = Release|Any CPU
		{42475791-5114-4E89-9F90-FC5B4AC104E8}.Release|x86.ActiveCfg = Release|Any CPU
		{42475791-5114-4E89-9F90-FC5B4AC104E8}.Release|x86.Build.0 = Release|Any CPU
		{5A8A95AB-4A7C-4B81-9B37-551FFA3E3D3B}.Debug|Any CPU.ActiveCfg = Debug|Any CPU
		{5A8A95AB-4A7C-4B81-9B37-551FFA3E3D3B}.Debug|Any CPU.Build.0 = Debug|Any CPU
		{5A8A95AB-4A7C-4B81-9B37-551FFA3E3D3B}.Debug|x64.ActiveCfg = Debug|Any CPU
		{5A8A95AB-4A7C-4B81-9B37-551FFA3E3D3B}.Debug|x64.Build.0 = Debug|Any CPU
		{5A8A95AB-4A7C-4B81-9B37-551FFA3E3D3B}.Debug|x86.ActiveCfg = Debug|Any CPU
		{5A8A95AB-4A7C-4B81-9B37-551FFA3E3D3B}.Debug|x86.Build.0 = Debug|Any CPU
		{5A8A95AB-4A7C-4B81-9B37-551FFA3E3D3B}.Release|Any CPU.ActiveCfg = Release|Any CPU
		{5A8A95AB-4A7C-4B81-9B37-551FFA3E3D3B}.Release|Any CPU.Build.0 = Release|Any CPU
		{5A8A95AB-4A7C-4B81-9B37-551FFA3E3D3B}.Release|x64.ActiveCfg = Release|Any CPU
		{5A8A95AB-4A7C-4B81-9B37-551FFA3E3D3B}.Release|x64.Build.0 = Release|Any CPU
		{5A8A95AB-4A7C-4B81-9B37-551FFA3E3D3B}.Release|x86.ActiveCfg = Release|Any CPU
		{5A8A95AB-4A7C-4B81-9B37-551FFA3E3D3B}.Release|x86.Build.0 = Release|Any CPU
		{7B27AA20-E748-49C7-87D9-F4519704FD2B}.Debug|Any CPU.ActiveCfg = Debug|Any CPU
		{7B27AA20-E748-49C7-87D9-F4519704FD2B}.Debug|Any CPU.Build.0 = Debug|Any CPU
		{7B27AA20-E748-49C7-87D9-F4519704FD2B}.Debug|x64.ActiveCfg = Debug|Any CPU
		{7B27AA20-E748-49C7-87D9-F4519704FD2B}.Debug|x64.Build.0 = Debug|Any CPU
		{7B27AA20-E748-49C7-87D9-F4519704FD2B}.Debug|x86.ActiveCfg = Debug|Any CPU
		{7B27AA20-E748-49C7-87D9-F4519704FD2B}.Debug|x86.Build.0 = Debug|Any CPU
		{7B27AA20-E748-49C7-87D9-F4519704FD2B}.Release|Any CPU.ActiveCfg = Release|Any CPU
		{7B27AA20-E748-49C7-87D9-F4519704FD2B}.Release|Any CPU.Build.0 = Release|Any CPU
		{7B27AA20-E748-49C7-87D9-F4519704FD2B}.Release|x64.ActiveCfg = Release|Any CPU
		{7B27AA20-E748-49C7-87D9-F4519704FD2B}.Release|x64.Build.0 = Release|Any CPU
		{7B27AA20-E748-49C7-87D9-F4519704FD2B}.Release|x86.ActiveCfg = Release|Any CPU
		{7B27AA20-E748-49C7-87D9-F4519704FD2B}.Release|x86.Build.0 = Release|Any CPU
		{31416660-D62B-45D2-9A65-3B13F72A2636}.Debug|Any CPU.ActiveCfg = Debug|Any CPU
		{31416660-D62B-45D2-9A65-3B13F72A2636}.Debug|Any CPU.Build.0 = Debug|Any CPU
		{31416660-D62B-45D2-9A65-3B13F72A2636}.Debug|x64.ActiveCfg = Debug|Any CPU
		{31416660-D62B-45D2-9A65-3B13F72A2636}.Debug|x64.Build.0 = Debug|Any CPU
		{31416660-D62B-45D2-9A65-3B13F72A2636}.Debug|x86.ActiveCfg = Debug|Any CPU
		{31416660-D62B-45D2-9A65-3B13F72A2636}.Debug|x86.Build.0 = Debug|Any CPU
		{31416660-D62B-45D2-9A65-3B13F72A2636}.Release|Any CPU.ActiveCfg = Release|Any CPU
		{31416660-D62B-45D2-9A65-3B13F72A2636}.Release|Any CPU.Build.0 = Release|Any CPU
		{31416660-D62B-45D2-9A65-3B13F72A2636}.Release|x64.ActiveCfg = Release|Any CPU
		{31416660-D62B-45D2-9A65-3B13F72A2636}.Release|x64.Build.0 = Release|Any CPU
		{31416660-D62B-45D2-9A65-3B13F72A2636}.Release|x86.ActiveCfg = Release|Any CPU
		{31416660-D62B-45D2-9A65-3B13F72A2636}.Release|x86.Build.0 = Release|Any CPU
		{6F68A903-1E12-4529-8CFB-8ECD275385A1}.Debug|Any CPU.ActiveCfg = Debug|Any CPU
		{6F68A903-1E12-4529-8CFB-8ECD275385A1}.Debug|Any CPU.Build.0 = Debug|Any CPU
		{6F68A903-1E12-4529-8CFB-8ECD275385A1}.Debug|x64.ActiveCfg = Debug|Any CPU
		{6F68A903-1E12-4529-8CFB-8ECD275385A1}.Debug|x64.Build.0 = Debug|Any CPU
		{6F68A903-1E12-4529-8CFB-8ECD275385A1}.Debug|x86.ActiveCfg = Debug|Any CPU
		{6F68A903-1E12-4529-8CFB-8ECD275385A1}.Debug|x86.Build.0 = Debug|Any CPU
		{6F68A903-1E12-4529-8CFB-8ECD275385A1}.Release|Any CPU.ActiveCfg = Release|Any CPU
		{6F68A903-1E12-4529-8CFB-8ECD275385A1}.Release|Any CPU.Build.0 = Release|Any CPU
		{6F68A903-1E12-4529-8CFB-8ECD275385A1}.Release|x64.ActiveCfg = Release|Any CPU
		{6F68A903-1E12-4529-8CFB-8ECD275385A1}.Release|x64.Build.0 = Release|Any CPU
		{6F68A903-1E12-4529-8CFB-8ECD275385A1}.Release|x86.ActiveCfg = Release|Any CPU
		{6F68A903-1E12-4529-8CFB-8ECD275385A1}.Release|x86.Build.0 = Release|Any CPU
		{04FCDBE8-59F9-40EE-95F4-1CED094A156B}.Debug|Any CPU.ActiveCfg = Debug|Any CPU
		{04FCDBE8-59F9-40EE-95F4-1CED094A156B}.Debug|Any CPU.Build.0 = Debug|Any CPU
		{04FCDBE8-59F9-40EE-95F4-1CED094A156B}.Debug|x64.ActiveCfg = Debug|Any CPU
		{04FCDBE8-59F9-40EE-95F4-1CED094A156B}.Debug|x64.Build.0 = Debug|Any CPU
		{04FCDBE8-59F9-40EE-95F4-1CED094A156B}.Debug|x86.ActiveCfg = Debug|Any CPU
		{04FCDBE8-59F9-40EE-95F4-1CED094A156B}.Debug|x86.Build.0 = Debug|Any CPU
		{04FCDBE8-59F9-40EE-95F4-1CED094A156B}.Release|Any CPU.ActiveCfg = Release|Any CPU
		{04FCDBE8-59F9-40EE-95F4-1CED094A156B}.Release|Any CPU.Build.0 = Release|Any CPU
		{04FCDBE8-59F9-40EE-95F4-1CED094A156B}.Release|x64.ActiveCfg = Release|Any CPU
		{04FCDBE8-59F9-40EE-95F4-1CED094A156B}.Release|x64.Build.0 = Release|Any CPU
		{04FCDBE8-59F9-40EE-95F4-1CED094A156B}.Release|x86.ActiveCfg = Release|Any CPU
		{04FCDBE8-59F9-40EE-95F4-1CED094A156B}.Release|x86.Build.0 = Release|Any CPU
	EndGlobalSection
	GlobalSection(SolutionProperties) = preSolution
		HideSolutionNode = FALSE
	EndGlobalSection
	GlobalSection(NestedProjects) = preSolution
		{04FCDBE8-59F9-40EE-95F4-1CED094A156B} = {2533249A-7942-41CA-A0BA-076674A6E980}
		{6F68A903-1E12-4529-8CFB-8ECD275385A1} = {2533249A-7942-41CA-A0BA-076674A6E980}
	EndGlobalSection
EndGlobal
